
Microsoft Visual Studio Solution File, Format Version 12.00
# Visual Studio Version 16
VisualStudioVersion = 16.0.29409.12
MinimumVisualStudioVersion = 10.0.40219.1
Project("{9A19103F-16F7-4668-BE54-9A1E7A4F7556}") = "Dermayon.Common", "Dermayon.Common\Dermayon.Common.csproj", "{A60646AC-C198-4265-B0F7-7FF6DC6F0A06}"
EndProject
Project("{2150E333-8FDC-42A3-9474-1A3956D46DE8}") = "src", "src", "{1455E066-A729-4F0B-ACE2-3F8F458618C1}"
EndProject
Global
	GlobalSection(SolutionConfigurationPlatforms) = preSolution
		Debug|Any CPU = Debug|Any CPU
		Release|Any CPU = Release|Any CPU
	EndGlobalSection
	GlobalSection(ProjectConfigurationPlatforms) = postSolution
		{A60646AC-C198-4265-B0F7-7FF6DC6F0A06}.Debug|Any CPU.ActiveCfg = Debug|Any CPU
		{A60646AC-C198-4265-B0F7-7FF6DC6F0A06}.Debug|Any CPU.Build.0 = Debug|Any CPU
		{A60646AC-C198-4265-B0F7-7FF6DC6F0A06}.Release|Any CPU.ActiveCfg = Release|Any CPU
		{A60646AC-C198-4265-B0F7-7FF6DC6F0A06}.Release|Any CPU.Build.0 = Release|Any CPU
	EndGlobalSection
	GlobalSection(SolutionProperties) = preSolution
		HideSolutionNode = FALSE
	EndGlobalSection
	GlobalSection(NestedProjects) = preSolution
		{A60646AC-C198-4265-B0F7-7FF6DC6F0A06} = {1455E066-A729-4F0B-ACE2-3F8F458618C1}
	EndGlobalSection
	GlobalSection(ExtensibilityGlobals) = postSolution
		SolutionGuid = {95EC3301-A24C-480A-B534-45662645FCF0}
	EndGlobalSection
EndGlobal
