
Microsoft Visual Studio Solution File, Format Version 12.00
# Visual Studio Version 16
VisualStudioVersion = 16.0.29409.12
MinimumVisualStudioVersion = 10.0.40219.1
Project("{9A19103F-16F7-4668-BE54-9A1E7A4F7556}") = "Dermayon.Common", "Dermayon.Common\Dermayon.Common.csproj", "{A60646AC-C198-4265-B0F7-7FF6DC6F0A06}"
EndProject
Project("{2150E333-8FDC-42A3-9474-1A3956D46DE8}") = "src", "src", "{1455E066-A729-4F0B-ACE2-3F8F458618C1}"
EndProject
Project("{FAE04EC0-301F-11D3-BF4B-00C04F79EFBC}") = "Dermayon.Infrastructure.Data.EFRepositories", "Dermayon.Infrastructure.Data.EFRepositories\Dermayon.Infrastructure.Data.EFRepositories.csproj", "{76EDFCA1-7737-434A-A5C2-B9EE6B2CABD9}"
EndProject
Project("{FAE04EC0-301F-11D3-BF4B-00C04F79EFBC}") = "Dermayon.Infrastructure.Data.MongoRepositories", "Dermayon.Infrastructure.Data.MongoRepositories\Dermayon.Infrastructure.Data.MongoRepositories.csproj", "{E35216FD-4D13-4074-9BA1-DE2A2ADE1019}"
EndProject
Project("{FAE04EC0-301F-11D3-BF4B-00C04F79EFBC}") = "Dermayon.CrossCutting.IoC", "Dermayon.CrossCutting.IoC\Dermayon.CrossCutting.IoC.csproj", "{FB5F72C5-3A2D-4ED2-AB59-D680F478A050}"
EndProject
Project("{FAE04EC0-301F-11D3-BF4B-00C04F79EFBC}") = "Dermayon.Infrastructure.Data.DapperRepositories", "Dermayon.Infrastructure.Data.DapperRepositories\Dermayon.Infrastructure.Data.DapperRepositories.csproj", "{71F4A091-D76E-4854-B4BE-CA7ECCC38ED1}"
EndProject
Project("{2150E333-8FDC-42A3-9474-1A3956D46DE8}") = "core", "core", "{0F14EE9C-921F-431C-8192-FBEE24D79A01}"
EndProject
Project("{2150E333-8FDC-42A3-9474-1A3956D46DE8}") = "crossCutting", "crossCutting", "{A0B49CC7-D1B8-4D44-960F-1A1CDFBF047D}"
EndProject
Project("{2150E333-8FDC-42A3-9474-1A3956D46DE8}") = "infrastructure", "infrastructure", "{D768FBD7-6A8C-4D27-9605-A76B255E6F3D}"
EndProject
Project("{2150E333-8FDC-42A3-9474-1A3956D46DE8}") = "data", "data", "{33F2B70F-A928-44A0-9BAB-95E8DD367AB6}"
EndProject
Project("{2150E333-8FDC-42A3-9474-1A3956D46DE8}") = "files", "files", "{74214115-E0B1-459C-9540-A528522CC77E}"
EndProject
Project("{FAE04EC0-301F-11D3-BF4B-00C04F79EFBC}") = "Dermayon.Infrastructure.Files.FTP", "Dermayon.Infrastructure.Files.FTP\Dermayon.Infrastructure.Files.FTP.csproj", "{DB3E49B3-79AF-4699-9AB3-4A66AAA32D11}"
EndProject
Project("{2150E333-8FDC-42A3-9474-1A3956D46DE8}") = "messaging", "messaging", "{14180DAC-668D-413C-96A6-30359F0AD526}"
EndProject
Project("{FAE04EC0-301F-11D3-BF4B-00C04F79EFBC}") = "Dermayon.Infrastructure.EvenMessaging.Kafka", "Dermayon.Infrastructure.EvenMessaging.Kafka\Dermayon.Infrastructure.EvenMessaging.Kafka.csproj", "{7A81F43E-87EE-4B9A-B608-5495EBEB3CC5}"
EndProject
Global
	GlobalSection(SolutionConfigurationPlatforms) = preSolution
		Debug|Any CPU = Debug|Any CPU
		Release|Any CPU = Release|Any CPU
	EndGlobalSection
	GlobalSection(ProjectConfigurationPlatforms) = postSolution
		{A60646AC-C198-4265-B0F7-7FF6DC6F0A06}.Debug|Any CPU.ActiveCfg = Debug|Any CPU
		{A60646AC-C198-4265-B0F7-7FF6DC6F0A06}.Debug|Any CPU.Build.0 = Debug|Any CPU
		{A60646AC-C198-4265-B0F7-7FF6DC6F0A06}.Release|Any CPU.ActiveCfg = Release|Any CPU
		{A60646AC-C198-4265-B0F7-7FF6DC6F0A06}.Release|Any CPU.Build.0 = Release|Any CPU
		{76EDFCA1-7737-434A-A5C2-B9EE6B2CABD9}.Debug|Any CPU.ActiveCfg = Debug|Any CPU
		{76EDFCA1-7737-434A-A5C2-B9EE6B2CABD9}.Debug|Any CPU.Build.0 = Debug|Any CPU
		{76EDFCA1-7737-434A-A5C2-B9EE6B2CABD9}.Release|Any CPU.ActiveCfg = Release|Any CPU
		{76EDFCA1-7737-434A-A5C2-B9EE6B2CABD9}.Release|Any CPU.Build.0 = Release|Any CPU
		{E35216FD-4D13-4074-9BA1-DE2A2ADE1019}.Debug|Any CPU.ActiveCfg = Debug|Any CPU
		{E35216FD-4D13-4074-9BA1-DE2A2ADE1019}.Debug|Any CPU.Build.0 = Debug|Any CPU
		{E35216FD-4D13-4074-9BA1-DE2A2ADE1019}.Release|Any CPU.ActiveCfg = Release|Any CPU
		{E35216FD-4D13-4074-9BA1-DE2A2ADE1019}.Release|Any CPU.Build.0 = Release|Any CPU
		{FB5F72C5-3A2D-4ED2-AB59-D680F478A050}.Debug|Any CPU.ActiveCfg = Debug|Any CPU
		{FB5F72C5-3A2D-4ED2-AB59-D680F478A050}.Debug|Any CPU.Build.0 = Debug|Any CPU
		{FB5F72C5-3A2D-4ED2-AB59-D680F478A050}.Release|Any CPU.ActiveCfg = Release|Any CPU
		{FB5F72C5-3A2D-4ED2-AB59-D680F478A050}.Release|Any CPU.Build.0 = Release|Any CPU
		{71F4A091-D76E-4854-B4BE-CA7ECCC38ED1}.Debug|Any CPU.ActiveCfg = Debug|Any CPU
		{71F4A091-D76E-4854-B4BE-CA7ECCC38ED1}.Debug|Any CPU.Build.0 = Debug|Any CPU
		{71F4A091-D76E-4854-B4BE-CA7ECCC38ED1}.Release|Any CPU.ActiveCfg = Release|Any CPU
		{71F4A091-D76E-4854-B4BE-CA7ECCC38ED1}.Release|Any CPU.Build.0 = Release|Any CPU
		{DB3E49B3-79AF-4699-9AB3-4A66AAA32D11}.Debug|Any CPU.ActiveCfg = Debug|Any CPU
		{DB3E49B3-79AF-4699-9AB3-4A66AAA32D11}.Debug|Any CPU.Build.0 = Debug|Any CPU
		{DB3E49B3-79AF-4699-9AB3-4A66AAA32D11}.Release|Any CPU.ActiveCfg = Release|Any CPU
		{DB3E49B3-79AF-4699-9AB3-4A66AAA32D11}.Release|Any CPU.Build.0 = Release|Any CPU
		{7A81F43E-87EE-4B9A-B608-5495EBEB3CC5}.Debug|Any CPU.ActiveCfg = Debug|Any CPU
		{7A81F43E-87EE-4B9A-B608-5495EBEB3CC5}.Debug|Any CPU.Build.0 = Debug|Any CPU
		{7A81F43E-87EE-4B9A-B608-5495EBEB3CC5}.Release|Any CPU.ActiveCfg = Release|Any CPU
		{7A81F43E-87EE-4B9A-B608-5495EBEB3CC5}.Release|Any CPU.Build.0 = Release|Any CPU
	EndGlobalSection
	GlobalSection(SolutionProperties) = preSolution
		HideSolutionNode = FALSE
	EndGlobalSection
	GlobalSection(NestedProjects) = preSolution
		{A60646AC-C198-4265-B0F7-7FF6DC6F0A06} = {0F14EE9C-921F-431C-8192-FBEE24D79A01}
		{76EDFCA1-7737-434A-A5C2-B9EE6B2CABD9} = {33F2B70F-A928-44A0-9BAB-95E8DD367AB6}
		{E35216FD-4D13-4074-9BA1-DE2A2ADE1019} = {33F2B70F-A928-44A0-9BAB-95E8DD367AB6}
		{FB5F72C5-3A2D-4ED2-AB59-D680F478A050} = {A0B49CC7-D1B8-4D44-960F-1A1CDFBF047D}
		{71F4A091-D76E-4854-B4BE-CA7ECCC38ED1} = {33F2B70F-A928-44A0-9BAB-95E8DD367AB6}
		{0F14EE9C-921F-431C-8192-FBEE24D79A01} = {1455E066-A729-4F0B-ACE2-3F8F458618C1}
		{A0B49CC7-D1B8-4D44-960F-1A1CDFBF047D} = {1455E066-A729-4F0B-ACE2-3F8F458618C1}
		{D768FBD7-6A8C-4D27-9605-A76B255E6F3D} = {1455E066-A729-4F0B-ACE2-3F8F458618C1}
		{33F2B70F-A928-44A0-9BAB-95E8DD367AB6} = {D768FBD7-6A8C-4D27-9605-A76B255E6F3D}
		{74214115-E0B1-459C-9540-A528522CC77E} = {D768FBD7-6A8C-4D27-9605-A76B255E6F3D}
		{DB3E49B3-79AF-4699-9AB3-4A66AAA32D11} = {74214115-E0B1-459C-9540-A528522CC77E}
		{14180DAC-668D-413C-96A6-30359F0AD526} = {D768FBD7-6A8C-4D27-9605-A76B255E6F3D}
		{7A81F43E-87EE-4B9A-B608-5495EBEB3CC5} = {14180DAC-668D-413C-96A6-30359F0AD526}
	EndGlobalSection
	GlobalSection(ExtensibilityGlobals) = postSolution
		SolutionGuid = {95EC3301-A24C-480A-B534-45662645FCF0}
	EndGlobalSection
EndGlobal
